// !$*UTF8*$!
{
	archiveVersion = 1;
	classes = {
	};
	objectVersion = 46;
	objects = {

/* Begin PBXBuildFile section */
		755BAAD51ECC40A30091F705 /* AppDelegate.swift in Sources */ = {isa = PBXBuildFile; fileRef = 755BAAD41ECC40A30091F705 /* AppDelegate.swift */; };
		755BAAD71ECC40A30091F705 /* ViewController.swift in Sources */ = {isa = PBXBuildFile; fileRef = 755BAAD61ECC40A30091F705 /* ViewController.swift */; };
		755BAADA1ECC40A30091F705 /* Main.storyboard in Resources */ = {isa = PBXBuildFile; fileRef = 755BAAD81ECC40A30091F705 /* Main.storyboard */; };
		755BAADC1ECC40A30091F705 /* Assets.xcassets in Resources */ = {isa = PBXBuildFile; fileRef = 755BAADB1ECC40A30091F705 /* Assets.xcassets */; };
		755BAADF1ECC40A30091F705 /* LaunchScreen.storyboard in Resources */ = {isa = PBXBuildFile; fileRef = 755BAADD1ECC40A30091F705 /* LaunchScreen.storyboard */; };
/* End PBXBuildFile section */

/* Begin PBXFileReference section */
		755BAAD11ECC40A30091F705 /* ZhiBoBa.app */ = {isa = PBXFileReference; explicitFileType = wrapper.application; includeInIndex = 0; path = ZhiBoBa.app; sourceTree = BUILT_PRODUCTS_DIR; };
		755BAAD41ECC40A30091F705 /* AppDelegate.swift */ = {isa = PBXFileReference; lastKnownFileType = sourcecode.swift; path = AppDelegate.swift; sourceTree = "<group>"; };
		755BAAD61ECC40A30091F705 /* ViewController.swift */ = {isa = PBXFileReference; lastKnownFileType = sourcecode.swift; path = ViewController.swift; sourceTree = "<group>"; };
		755BAAD91ECC40A30091F705 /* Base */ = {isa = PBXFileReference; lastKnownFileType = file.storyboard; name = Base; path = Base.lproj/Main.storyboard; sourceTree = "<group>"; };
		755BAADB1ECC40A30091F705 /* Assets.xcassets */ = {isa = PBXFileReference; lastKnownFileType = folder.assetcatalog; path = Assets.xcassets; sourceTree = "<group>"; };
		755BAADE1ECC40A30091F705 /* Base */ = {isa = PBXFileReference; lastKnownFileType = file.storyboard; name = Base; path = Base.lproj/LaunchScreen.storyboard; sourceTree = "<group>"; };
		755BAAE01ECC40A30091F705 /* Info.plist */ = {isa = PBXFileReference; lastKnownFileType = text.plist.xml; path = Info.plist; sourceTree = "<group>"; };
/* End PBXFileReference section */

/* Begin PBXFrameworksBuildPhase section */
		755BAACE1ECC40A30091F705 /* Frameworks */ = {
			isa = PBXFrameworksBuildPhase;
			buildActionMask = 2147483647;
			files = (
			);
			runOnlyForDeploymentPostprocessing = 0;
		};
/* End PBXFrameworksBuildPhase section */

/* Begin PBXGroup section */
		755BAAC81ECC40A30091F705 = {
			isa = PBXGroup;
			children = (
				755BAAD31ECC40A30091F705 /* ZhiBoBa */,
				755BAAD21ECC40A30091F705 /* Products */,
			);
			sourceTree = "<group>";
		};
		755BAAD21ECC40A30091F705 /* Products */ = {
			isa = PBXGroup;
			children = (
				755BAAD11ECC40A30091F705 /* ZhiBoBa.app */,
			);
			name = Products;
			sourceTree = "<group>";
		};
		755BAAD31ECC40A30091F705 /* ZhiBoBa */ = {
			isa = PBXGroup;
			children = (
				755BAAD41ECC40A30091F705 /* AppDelegate.swift */,
				755BAAD61ECC40A30091F705 /* ViewController.swift */,
				755BAAD81ECC40A30091F705 /* Main.storyboard */,
				755BAADB1ECC40A30091F705 /* Assets.xcassets */,
				755BAADD1ECC40A30091F705 /* LaunchScreen.storyboard */,
				755BAAE01ECC40A30091F705 /* Info.plist */,
			);
			path = ZhiBoBa;
			sourceTree = "<group>";
		};
/* End PBXGroup section */

/* Begin PBXNativeTarget section */
		755BAAD01ECC40A30091F705 /* ZhiBoBa */ = {
			isa = PBXNativeTarget;
			buildConfigurationList = 755BAAE31ECC40A30091F705 /* Build configuration list for PBXNativeTarget "ZhiBoBa" */;
			buildPhases = (
				755BAACD1ECC40A30091F705 /* Sources */,
				755BAACE1ECC40A30091F705 /* Frameworks */,
				755BAACF1ECC40A30091F705 /* Resources */,
			);
			buildRules = (
			);
			dependencies = (
			);
			name = ZhiBoBa;
			productName = ZhiBoBa;
			productReference = 755BAAD11ECC40A30091F705 /* ZhiBoBa.app */;
			productType = "com.apple.product-type.application";
		};
/* End PBXNativeTarget section */

/* Begin PBXProject section */
		755BAAC91ECC40A30091F705 /* Project object */ = {
			isa = PBXProject;
			attributes = {
				LastSwiftUpdateCheck = 0830;
				LastUpgradeCheck = 0830;
				ORGANIZATIONNAME = "钟 佳林";
				TargetAttributes = {
					755BAAD01ECC40A30091F705 = {
						CreatedOnToolsVersion = 8.3.2;
						ProvisioningStyle = Automatic;
					};
				};
			};
			buildConfigurationList = 755BAACC1ECC40A30091F705 /* Build configuration list for PBXProject "ZhiBoBa" */;
			compatibilityVersion = "Xcode 3.2";
			developmentRegion = English;
			hasScannedForEncodings = 0;
			knownRegions = (
				en,
				Base,
			);
			mainGroup = 755BAAC81ECC40A30091F705;
			productRefGroup = 755BAAD21ECC40A30091F705 /* Products */;
			projectDirPath = "";
			projectRoot = "";
			targets = (
				755BAAD01ECC40A30091F705 /* ZhiBoBa */,
			);
		};
/* End PBXProject section */

/* Begin PBXResourcesBuildPhase section */
		755BAACF1ECC40A30091F705 /* Resources */ = {
			isa = PBXResourcesBuildPhase;
			buildActionMask = 2147483647;
			files = (
				755BAADF1ECC40A30091F705 /* LaunchScreen.storyboard in Resources */,
				755BAADC1ECC40A30091F705 /* Assets.xcassets in Resources */,
				755BAADA1ECC40A30091F705 /* Main.storyboard in Resources */,
			);
			runOnlyForDeploymentPostprocessing = 0;
		};
/* End PBXResourcesBuildPhase section */

/* Begin PBXSourcesBuildPhase section */
		755BAACD1ECC40A30091F705 /* Sources */ = {
			isa = PBXSourcesBuildPhase;
			buildActionMask = 2147483647;
			files = (
				755BAAD71ECC40A30091F705 /* ViewController.swift in Sources */,
				755BAAD51ECC40A30091F705 /* AppDelegate.swift in Sources */,
			);
			runOnlyForDeploymentPostprocessing = 0;
		};
/* End PBXSourcesBuildPhase section */

/* Begin PBXVariantGroup section */
		755BAAD81ECC40A30091F705 /* Main.storyboard */ = {
			isa = PBXVariantGroup;
			children = (
				755BAAD91ECC40A30091F705 /* Base */,
			);
			name = Main.storyboard;
			sourceTree = "<group>";
		};
		755BAADD1ECC40A30091F705 /* LaunchScreen.storyboard */ = {
			isa = PBXVariantGroup;
			children = (
				755BAADE1ECC40A30091F705 /* Base */,
			);
			name = LaunchScreen.storyboard;
			sourceTree = "<group>";
		};
/* End PBXVariantGroup section */

/* Begin XCBuildConfiguration section */
		755BAAE11ECC40A30091F705 /* Debug */ = {
			isa = XCBuildConfiguration;
			buildSettings = {
				ALWAYS_SEARCH_USER_PATHS = NO;
				CLANG_ANALYZER_NONNULL = YES;
				CLANG_ANALYZER_NUMBER_OBJECT_CONVERSION = YES_AGGRESSIVE;
				CLANG_CXX_LANGUAGE_STANDARD = "gnu++0x";
				CLANG_CXX_LIBRARY = "libc++";
				CLANG_ENABLE_MODULES = YES;
				CLANG_ENABLE_OBJC_ARC = YES;
				CLANG_WARN_BOOL_CONVERSION = YES;
				CLANG_WARN_CONSTANT_CONVERSION = YES;
				CLANG_WARN_DIRECT_OBJC_ISA_USAGE = YES_ERROR;
				CLANG_WARN_DOCUMENTATION_COMMENTS = YES;
				CLANG_WARN_EMPTY_BODY = YES;
				CLANG_WARN_ENUM_CONVERSION = YES;
				CLANG_WARN_INFINITE_RECURSION = YES;
				CLANG_WARN_INT_CONVERSION = YES;
				CLANG_WARN_OBJC_ROOT_CLASS = YES_ERROR;
				CLANG_WARN_SUSPICIOUS_MOVE = YES;
				CLANG_WARN_UNREACHABLE_CODE = YES;
				CLANG_WARN__DUPLICATE_METHOD_MATCH = YES;
				"CODE_SIGN_IDENTITY[sdk=iphoneos*]" = "iPhone Developer";
				COPY_PHASE_STRIP = NO;
				DEBUG_INFORMATION_FORMAT = dwarf;
				ENABLE_STRICT_OBJC_MSGSEND = YES;
				ENABLE_TESTABILITY = YES;
				GCC_C_LANGUAGE_STANDARD = gnu99;
				GCC_DYNAMIC_NO_PIC = NO;
				GCC_NO_COMMON_BLOCKS = YES;
				GCC_OPTIMIZATION_LEVEL = 0;
				GCC_PREPROCESSOR_DEFINITIONS = (
					"DEBUG=1",
					"$(inherited)",
				);
				GCC_WARN_64_TO_32_BIT_CONVERSION = YES;
				GCC_WARN_ABOUT_RETURN_TYPE = YES_ERROR;
				GCC_WARN_UNDECLARED_SELECTOR = YES;
				GCC_WARN_UNINITIALIZED_AUTOS = YES_AGGRESSIVE;
				GCC_WARN_UNUSED_FUNCTION = YES;
				GCC_WARN_UNUSED_VARIABLE = YES;
				IPHONEOS_DEPLOYMENT_TARGET = 10.3;
				MTL_ENABLE_DEBUG_INFO = YES;
				ONLY_ACTIVE_ARCH = YES;
				SDKROOT = iphoneos;
				SWIFT_ACTIVE_COMPILATION_CONDITIONS = DEBUG;
				SWIFT_OPTIMIZATION_LEVEL = "-Onone";
			};
			name = Debug;
		};
		755BAAE21ECC40A30091F705 /* Release */ = {
			isa = XCBuildConfiguration;
			buildSettings = {
				ALWAYS_SEARCH_USER_PATHS = NO;
				CLANG_ANALYZER_NONNULL = YES;
				CLANG_ANALYZER_NUMBER_OBJECT_CONVERSION = YES_AGGRESSIVE;
				CLANG_CXX_LANGUAGE_STANDARD = "gnu++0x";
				CLANG_CXX_LIBRARY = "libc++";
				CLANG_ENABLE_MODULES = YES;
				CLANG_ENABLE_OBJC_ARC = YES;
				CLANG_WARN_BOOL_CONVERSION = YES;
				CLANG_WARN_CONSTANT_CONVERSION = YES;
				CLANG_WARN_DIRECT_OBJC_ISA_USAGE = YES_ERROR;
				CLANG_WARN_DOCUMENTATION_COMMENTS = YES;
				CLANG_WARN_EMPTY_BODY = YES;
				CLANG_WARN_ENUM_CONVERSION = YES;
				CLANG_WARN_INFINITE_RECURSION = YES;
				CLANG_WARN_INT_CONVERSION = YES;
				CLANG_WARN_OBJC_ROOT_CLASS = YES_ERROR;
				CLANG_WARN_SUSPICIOUS_MOVE = YES;
				CLANG_WARN_UNREACHABLE_CODE = YES;
				CLANG_WARN__DUPLICATE_METHOD_MATCH = YES;
				"CODE_SIGN_IDENTITY[sdk=iphoneos*]" = "iPhone Developer";
				COPY_PHASE_STRIP = NO;
				DEBUG_INFORMATION_FORMAT = "dwarf-with-dsym";
				ENABLE_NS_ASSERTIONS = NO;
				ENABLE_STRICT_OBJC_MSGSEND = YES;
				GCC_C_LANGUAGE_STANDARD = gnu99;
				GCC_NO_COMMON_BLOCKS = YES;
				GCC_WARN_64_TO_32_BIT_CONVERSION = YES;
				GCC_WARN_ABOUT_RETURN_TYPE = YES_ERROR;
				GCC_WARN_UNDECLARED_SELECTOR = YES;
				GCC_WARN_UNINITIALIZED_AUTOS = YES_AGGRESSIVE;
				GCC_WARN_UNUSED_FUNCTION = YES;
				GCC_WARN_UNUSED_VARIABLE = YES;
				IPHONEOS_DEPLOYMENT_TARGET = 10.3;
				MTL_ENABLE_DEBUG_INFO = NO;
				SDKROOT = iphoneos;
				SWIFT_OPTIMIZATION_LEVEL = "-Owholemodule";
				VALIDATE_PRODUCT = YES;
			};
			name = Release;
		};
		755BAAE41ECC40A30091F705 /* Debug */ = {
			isa = XCBuildConfiguration;
			buildSettings = {
				ASSETCATALOG_COMPILER_APPICON_NAME = AppIcon;
				INFOPLIST_FILE = ZhiBoBa/Info.plist;
				LD_RUNPATH_SEARCH_PATHS = "$(inherited) @executable_path/Frameworks";
				PRODUCT_BUNDLE_IDENTIFIER = cn.project.ZhiBoBa;
				PRODUCT_NAME = "$(TARGET_NAME)";
				SWIFT_VERSION = 3.0;
			};
			name = Debug;
		};
		755BAAE51ECC40A30091F705 /* Release */ = {
			isa = XCBuildConfiguration;
			buildSettings = {
				ASSETCATALOG_COMPILER_APPICON_NAME = AppIcon;
				INFOPLIST_FILE = ZhiBoBa/Info.plist;
				LD_RUNPATH_SEARCH_PATHS = "$(inherited) @executable_path/Frameworks";
				PRODUCT_BUNDLE_IDENTIFIER = cn.project.ZhiBoBa;
				PRODUCT_NAME = "$(TARGET_NAME)";
				SWIFT_VERSION = 3.0;
			};
			name = Release;
		};
/* End XCBuildConfiguration section */

/* Begin XCConfigurationList section */
		755BAACC1ECC40A30091F705 /* Build configuration list for PBXProject "ZhiBoBa" */ = {
			isa = XCConfigurationList;
			buildConfigurations = (
				755BAAE11ECC40A30091F705 /* Debug */,
				755BAAE21ECC40A30091F705 /* Release */,
			);
			defaultConfigurationIsVisible = 0;
			defaultConfigurationName = Release;
		};
		755BAAE31ECC40A30091F705 /* Build configuration list for PBXNativeTarget "ZhiBoBa" */ = {
			isa = XCConfigurationList;
			buildConfigurations = (
				755BAAE41ECC40A30091F705 /* Debug */,
				755BAAE51ECC40A30091F705 /* Release */,
			);
			defaultConfigurationIsVisible = 0;
		};
/* End XCConfigurationList section */
	};
	rootObject = 755BAAC91ECC40A30091F705 /* Project object */;
}
