// !$*UTF8*$!
{
	archiveVersion = 1;
	classes = {
	};
	objectVersion = 46;
	objects = {

/* Begin PBXBuildFile section */
		5173CEA66D6904569CBFC21E /* Pods_ZhiBoBa.framework in Frameworks */ = {isa = PBXBuildFile; fileRef = 0360CE7442B465D64B694361 /* Pods_ZhiBoBa.framework */; };
		755BAAEF1ECEFD940091F705 /* AppDelegate.swift in Sources */ = {isa = PBXBuildFile; fileRef = 755BAAEB1ECEFD940091F705 /* AppDelegate.swift */; };
		755BAAF01ECEFD940091F705 /* Assets.xcassets in Resources */ = {isa = PBXBuildFile; fileRef = 755BAAEC1ECEFD940091F705 /* Assets.xcassets */; };
		755BAAF11ECEFD940091F705 /* Base.lproj in Resources */ = {isa = PBXBuildFile; fileRef = 755BAAED1ECEFD940091F705 /* Base.lproj */; };
		755BAAF21ECEFD940091F705 /* Info.plist in Resources */ = {isa = PBXBuildFile; fileRef = 755BAAEE1ECEFD940091F705 /* Info.plist */; };
		755BAAFC1ED2EB8C0091F705 /* ZBBaseViewController.swift in Sources */ = {isa = PBXBuildFile; fileRef = 755BAAFB1ED2EB8C0091F705 /* ZBBaseViewController.swift */; };
		755BAAFE1ED2EDF40091F705 /* AppManager.swift in Sources */ = {isa = PBXBuildFile; fileRef = 755BAAFD1ED2EDF40091F705 /* AppManager.swift */; };
		755BAB001F0227A20091F705 /* ZBTableViewController.swift in Sources */ = {isa = PBXBuildFile; fileRef = 755BAAFF1F0227A20091F705 /* ZBTableViewController.swift */; };
/* End PBXBuildFile section */

/* Begin PBXFileReference section */
		0360CE7442B465D64B694361 /* Pods_ZhiBoBa.framework */ = {isa = PBXFileReference; explicitFileType = wrapper.framework; includeInIndex = 0; path = Pods_ZhiBoBa.framework; sourceTree = BUILT_PRODUCTS_DIR; };
		3C88546DA59E184E14325328 /* Pods-ZhiBoBa.debug.xcconfig */ = {isa = PBXFileReference; includeInIndex = 1; lastKnownFileType = text.xcconfig; name = "Pods-ZhiBoBa.debug.xcconfig"; path = "Pods/Target Support Files/Pods-ZhiBoBa/Pods-ZhiBoBa.debug.xcconfig"; sourceTree = "<group>"; };
		755BAAD11ECC40A30091F705 /* ZhiBoBa.app */ = {isa = PBXFileReference; explicitFileType = wrapper.application; includeInIndex = 0; path = ZhiBoBa.app; sourceTree = BUILT_PRODUCTS_DIR; };
		755BAAEB1ECEFD940091F705 /* AppDelegate.swift */ = {isa = PBXFileReference; fileEncoding = 4; lastKnownFileType = sourcecode.swift; name = AppDelegate.swift; path = Resource/AppDelegate.swift; sourceTree = "<group>"; };
		755BAAEC1ECEFD940091F705 /* Assets.xcassets */ = {isa = PBXFileReference; lastKnownFileType = folder.assetcatalog; name = Assets.xcassets; path = Resource/Assets.xcassets; sourceTree = "<group>"; };
		755BAAED1ECEFD940091F705 /* Base.lproj */ = {isa = PBXFileReference; lastKnownFileType = folder; name = Base.lproj; path = Resource/Base.lproj; sourceTree = "<group>"; };
		755BAAEE1ECEFD940091F705 /* Info.plist */ = {isa = PBXFileReference; fileEncoding = 4; lastKnownFileType = text.plist.xml; name = Info.plist; path = Resource/Info.plist; sourceTree = "<group>"; };
		755BAAFB1ED2EB8C0091F705 /* ZBBaseViewController.swift */ = {isa = PBXFileReference; fileEncoding = 4; lastKnownFileType = sourcecode.swift; name = ZBBaseViewController.swift; path = Expand/Common/BaseClass/ZBBaseViewController.swift; sourceTree = "<group>"; };
		755BAAFD1ED2EDF40091F705 /* AppManager.swift */ = {isa = PBXFileReference; fileEncoding = 4; lastKnownFileType = sourcecode.swift; name = AppManager.swift; path = Expand/Common/AppManager.swift; sourceTree = "<group>"; };
		755BAAFF1F0227A20091F705 /* ZBTableViewController.swift */ = {isa = PBXFileReference; fileEncoding = 4; lastKnownFileType = sourcecode.swift; name = ZBTableViewController.swift; path = Main/ZBTableViewController.swift; sourceTree = "<group>"; };
		86CDF7FECAB31E27CEC27559 /* Pods-ZhiBoBa.release.xcconfig */ = {isa = PBXFileReference; includeInIndex = 1; lastKnownFileType = text.xcconfig; name = "Pods-ZhiBoBa.release.xcconfig"; path = "Pods/Target Support Files/Pods-ZhiBoBa/Pods-ZhiBoBa.release.xcconfig"; sourceTree = "<group>"; };
/* End PBXFileReference section */

/* Begin PBXFrameworksBuildPhase section */
		755BAACE1ECC40A30091F705 /* Frameworks */ = {
			isa = PBXFrameworksBuildPhase;
			buildActionMask = 2147483647;
			files = (
				5173CEA66D6904569CBFC21E /* Pods_ZhiBoBa.framework in Frameworks */,
			);
			runOnlyForDeploymentPostprocessing = 0;
		};
/* End PBXFrameworksBuildPhase section */

/* Begin PBXGroup section */
		755BAAC81ECC40A30091F705 = {
			isa = PBXGroup;
			children = (
				755BAAD31ECC40A30091F705 /* ZhiBoBa */,
				755BAAD21ECC40A30091F705 /* Products */,
				E65334F29F876040C1350017 /* Pods */,
				F1A82ABACBD3B3583CEDBE7A /* Frameworks */,
			);
			sourceTree = "<group>";
		};
		755BAAD21ECC40A30091F705 /* Products */ = {
			isa = PBXGroup;
			children = (
				755BAAD11ECC40A30091F705 /* ZhiBoBa.app */,
			);
			name = Products;
			sourceTree = "<group>";
		};
		755BAAD31ECC40A30091F705 /* ZhiBoBa */ = {
			isa = PBXGroup;
			children = (
				755BAAF81ED2EA330091F705 /* Expand */,
				755BAAF31ECEFDDA0091F705 /* Main */,
				755BAAEA1ECEFD870091F705 /* Resource */,
			);
			path = ZhiBoBa;
			sourceTree = "<group>";
		};
		755BAAEA1ECEFD870091F705 /* Resource */ = {
			isa = PBXGroup;
			children = (
				755BAAEB1ECEFD940091F705 /* AppDelegate.swift */,
				755BAAEC1ECEFD940091F705 /* Assets.xcassets */,
				755BAAED1ECEFD940091F705 /* Base.lproj */,
				755BAAEE1ECEFD940091F705 /* Info.plist */,
			);
			name = Resource;
			sourceTree = "<group>";
		};
		755BAAF31ECEFDDA0091F705 /* Main */ = {
			isa = PBXGroup;
			children = (
				755BAAFF1F0227A20091F705 /* ZBTableViewController.swift */,
			);
			name = Main;
			sourceTree = "<group>";
		};
		755BAAF81ED2EA330091F705 /* Expand */ = {
			isa = PBXGroup;
			children = (
				755BAAF91ED2EA4B0091F705 /* Common */,
			);
			name = Expand;
			sourceTree = "<group>";
		};
		755BAAF91ED2EA4B0091F705 /* Common */ = {
			isa = PBXGroup;
			children = (
				755BAAFA1ED2EB660091F705 /* BaseClass */,
				755BAAFD1ED2EDF40091F705 /* AppManager.swift */,
			);
			name = Common;
			sourceTree = "<group>";
		};
		755BAAFA1ED2EB660091F705 /* BaseClass */ = {
			isa = PBXGroup;
			children = (
				755BAAFB1ED2EB8C0091F705 /* ZBBaseViewController.swift */,
			);
			name = BaseClass;
			sourceTree = "<group>";
		};
		E65334F29F876040C1350017 /* Pods */ = {
			isa = PBXGroup;
			children = (
				3C88546DA59E184E14325328 /* Pods-ZhiBoBa.debug.xcconfig */,
				86CDF7FECAB31E27CEC27559 /* Pods-ZhiBoBa.release.xcconfig */,
			);
			name = Pods;
			sourceTree = "<group>";
		};
		F1A82ABACBD3B3583CEDBE7A /* Frameworks */ = {
			isa = PBXGroup;
			children = (
				0360CE7442B465D64B694361 /* Pods_ZhiBoBa.framework */,
			);
			name = Frameworks;
			sourceTree = "<group>";
		};
/* End PBXGroup section */

/* Begin PBXNativeTarget section */
		755BAAD01ECC40A30091F705 /* ZhiBoBa */ = {
			isa = PBXNativeTarget;
			buildConfigurationList = 755BAAE31ECC40A30091F705 /* Build configuration list for PBXNativeTarget "ZhiBoBa" */;
			buildPhases = (
				9ED92792486B849B3658B2F9 /* [CP] Check Pods Manifest.lock */,
				755BAACD1ECC40A30091F705 /* Sources */,
				755BAACE1ECC40A30091F705 /* Frameworks */,
				755BAACF1ECC40A30091F705 /* Resources */,
				C1A64F8DE49E18C5CE24F317 /* [CP] Embed Pods Frameworks */,
				0F28BB5B355B938987D043F3 /* [CP] Copy Pods Resources */,
			);
			buildRules = (
			);
			dependencies = (
			);
			name = ZhiBoBa;
			productName = ZhiBoBa;
			productReference = 755BAAD11ECC40A30091F705 /* ZhiBoBa.app */;
			productType = "com.apple.product-type.application";
		};
/* End PBXNativeTarget section */

/* Begin PBXProject section */
		755BAAC91ECC40A30091F705 /* Project object */ = {
			isa = PBXProject;
			attributes = {
				LastSwiftUpdateCheck = 0830;
				LastUpgradeCheck = 0830;
				ORGANIZATIONNAME = "钟 佳林";
				TargetAttributes = {
					755BAAD01ECC40A30091F705 = {
						CreatedOnToolsVersion = 8.3.2;
						DevelopmentTeam = LZ99PKMWMY;
						ProvisioningStyle = Automatic;
					};
				};
			};
			buildConfigurationList = 755BAACC1ECC40A30091F705 /* Build configuration list for PBXProject "ZhiBoBa" */;
			compatibilityVersion = "Xcode 3.2";
			developmentRegion = English;
			hasScannedForEncodings = 0;
			knownRegions = (
				en,
				Base,
			);
			mainGroup = 755BAAC81ECC40A30091F705;
			productRefGroup = 755BAAD21ECC40A30091F705 /* Products */;
			projectDirPath = "";
			projectRoot = "";
			targets = (
				755BAAD01ECC40A30091F705 /* ZhiBoBa */,
			);
		};
/* End PBXProject section */

/* Begin PBXResourcesBuildPhase section */
		755BAACF1ECC40A30091F705 /* Resources */ = {
			isa = PBXResourcesBuildPhase;
			buildActionMask = 2147483647;
			files = (
				755BAAF21ECEFD940091F705 /* Info.plist in Resources */,
				755BAAF11ECEFD940091F705 /* Base.lproj in Resources */,
				755BAAF01ECEFD940091F705 /* Assets.xcassets in Resources */,
			);
			runOnlyForDeploymentPostprocessing = 0;
		};
/* End PBXResourcesBuildPhase section */

/* Begin PBXShellScriptBuildPhase section */
		0F28BB5B355B938987D043F3 /* [CP] Copy Pods Resources */ = {
			isa = PBXShellScriptBuildPhase;
			buildActionMask = 2147483647;
			files = (
			);
			inputPaths = (
			);
			name = "[CP] Copy Pods Resources";
			outputPaths = (
			);
			runOnlyForDeploymentPostprocessing = 0;
			shellPath = /bin/sh;
			shellScript = "\"${SRCROOT}/Pods/Target Support Files/Pods-ZhiBoBa/Pods-ZhiBoBa-resources.sh\"\n";
			showEnvVarsInLog = 0;
		};
		9ED92792486B849B3658B2F9 /* [CP] Check Pods Manifest.lock */ = {
			isa = PBXShellScriptBuildPhase;
			buildActionMask = 2147483647;
			files = (
			);
			inputPaths = (
			);
			name = "[CP] Check Pods Manifest.lock";
			outputPaths = (
			);
			runOnlyForDeploymentPostprocessing = 0;
			shellPath = /bin/sh;
			shellScript = "diff \"${PODS_PODFILE_DIR_PATH}/Podfile.lock\" \"${PODS_ROOT}/Manifest.lock\" > /dev/null\nif [ $? != 0 ] ; then\n    # print error to STDERR\n    echo \"error: The sandbox is not in sync with the Podfile.lock. Run 'pod install' or update your CocoaPods installation.\" >&2\n    exit 1\nfi\n";
			showEnvVarsInLog = 0;
		};
		C1A64F8DE49E18C5CE24F317 /* [CP] Embed Pods Frameworks */ = {
			isa = PBXShellScriptBuildPhase;
			buildActionMask = 2147483647;
			files = (
			);
			inputPaths = (
			);
			name = "[CP] Embed Pods Frameworks";
			outputPaths = (
			);
			runOnlyForDeploymentPostprocessing = 0;
			shellPath = /bin/sh;
			shellScript = "\"${SRCROOT}/Pods/Target Support Files/Pods-ZhiBoBa/Pods-ZhiBoBa-frameworks.sh\"\n";
			showEnvVarsInLog = 0;
		};
/* End PBXShellScriptBuildPhase section */

/* Begin PBXSourcesBuildPhase section */
		755BAACD1ECC40A30091F705 /* Sources */ = {
			isa = PBXSourcesBuildPhase;
			buildActionMask = 2147483647;
			files = (
				755BAAFE1ED2EDF40091F705 /* AppManager.swift in Sources */,
				755BAB001F0227A20091F705 /* ZBTableViewController.swift in Sources */,
				755BAAEF1ECEFD940091F705 /* AppDelegate.swift in Sources */,
				755BAAFC1ED2EB8C0091F705 /* ZBBaseViewController.swift in Sources */,
			);
			runOnlyForDeploymentPostprocessing = 0;
		};
/* End PBXSourcesBuildPhase section */

/* Begin XCBuildConfiguration section */
		755BAAE11ECC40A30091F705 /* Debug */ = {
			isa = XCBuildConfiguration;
			buildSettings = {
				ALWAYS_SEARCH_USER_PATHS = NO;
				CLANG_ANALYZER_NONNULL = YES;
				CLANG_ANALYZER_NUMBER_OBJECT_CONVERSION = YES_AGGRESSIVE;
				CLANG_CXX_LANGUAGE_STANDARD = "gnu++0x";
				CLANG_CXX_LIBRARY = "libc++";
				CLANG_ENABLE_MODULES = YES;
				CLANG_ENABLE_OBJC_ARC = YES;
				CLANG_WARN_BOOL_CONVERSION = YES;
				CLANG_WARN_CONSTANT_CONVERSION = YES;
				CLANG_WARN_DIRECT_OBJC_ISA_USAGE = YES_ERROR;
				CLANG_WARN_DOCUMENTATION_COMMENTS = YES;
				CLANG_WARN_EMPTY_BODY = YES;
				CLANG_WARN_ENUM_CONVERSION = YES;
				CLANG_WARN_INFINITE_RECURSION = YES;
				CLANG_WARN_INT_CONVERSION = YES;
				CLANG_WARN_OBJC_ROOT_CLASS = YES_ERROR;
				CLANG_WARN_SUSPICIOUS_MOVE = YES;
				CLANG_WARN_UNREACHABLE_CODE = YES;
				CLANG_WARN__DUPLICATE_METHOD_MATCH = YES;
				"CODE_SIGN_IDENTITY[sdk=iphoneos*]" = "iPhone Developer";
				COPY_PHASE_STRIP = NO;
				DEBUG_INFORMATION_FORMAT = dwarf;
				ENABLE_STRICT_OBJC_MSGSEND = YES;
				ENABLE_TESTABILITY = YES;
				GCC_C_LANGUAGE_STANDARD = gnu99;
				GCC_DYNAMIC_NO_PIC = NO;
				GCC_NO_COMMON_BLOCKS = YES;
				GCC_OPTIMIZATION_LEVEL = 0;
				GCC_PREPROCESSOR_DEFINITIONS = (
					"DEBUG=1",
					"$(inherited)",
				);
				GCC_WARN_64_TO_32_BIT_CONVERSION = YES;
				GCC_WARN_ABOUT_RETURN_TYPE = YES_ERROR;
				GCC_WARN_UNDECLARED_SELECTOR = YES;
				GCC_WARN_UNINITIALIZED_AUTOS = YES_AGGRESSIVE;
				GCC_WARN_UNUSED_FUNCTION = YES;
				GCC_WARN_UNUSED_VARIABLE = YES;
				IPHONEOS_DEPLOYMENT_TARGET = 10.3;
				MTL_ENABLE_DEBUG_INFO = YES;
				ONLY_ACTIVE_ARCH = YES;
				SDKROOT = iphoneos;
				SWIFT_ACTIVE_COMPILATION_CONDITIONS = DEBUG;
				SWIFT_OPTIMIZATION_LEVEL = "-Onone";
			};
			name = Debug;
		};
		755BAAE21ECC40A30091F705 /* Release */ = {
			isa = XCBuildConfiguration;
			buildSettings = {
				ALWAYS_SEARCH_USER_PATHS = NO;
				CLANG_ANALYZER_NONNULL = YES;
				CLANG_ANALYZER_NUMBER_OBJECT_CONVERSION = YES_AGGRESSIVE;
				CLANG_CXX_LANGUAGE_STANDARD = "gnu++0x";
				CLANG_CXX_LIBRARY = "libc++";
				CLANG_ENABLE_MODULES = YES;
				CLANG_ENABLE_OBJC_ARC = YES;
				CLANG_WARN_BOOL_CONVERSION = YES;
				CLANG_WARN_CONSTANT_CONVERSION = YES;
				CLANG_WARN_DIRECT_OBJC_ISA_USAGE = YES_ERROR;
				CLANG_WARN_DOCUMENTATION_COMMENTS = YES;
				CLANG_WARN_EMPTY_BODY = YES;
				CLANG_WARN_ENUM_CONVERSION = YES;
				CLANG_WARN_INFINITE_RECURSION = YES;
				CLANG_WARN_INT_CONVERSION = YES;
				CLANG_WARN_OBJC_ROOT_CLASS = YES_ERROR;
				CLANG_WARN_SUSPICIOUS_MOVE = YES;
				CLANG_WARN_UNREACHABLE_CODE = YES;
				CLANG_WARN__DUPLICATE_METHOD_MATCH = YES;
				"CODE_SIGN_IDENTITY[sdk=iphoneos*]" = "iPhone Developer";
				COPY_PHASE_STRIP = NO;
				DEBUG_INFORMATION_FORMAT = "dwarf-with-dsym";
				ENABLE_NS_ASSERTIONS = NO;
				ENABLE_STRICT_OBJC_MSGSEND = YES;
				GCC_C_LANGUAGE_STANDARD = gnu99;
				GCC_NO_COMMON_BLOCKS = YES;
				GCC_WARN_64_TO_32_BIT_CONVERSION = YES;
				GCC_WARN_ABOUT_RETURN_TYPE = YES_ERROR;
				GCC_WARN_UNDECLARED_SELECTOR = YES;
				GCC_WARN_UNINITIALIZED_AUTOS = YES_AGGRESSIVE;
				GCC_WARN_UNUSED_FUNCTION = YES;
				GCC_WARN_UNUSED_VARIABLE = YES;
				IPHONEOS_DEPLOYMENT_TARGET = 10.3;
				MTL_ENABLE_DEBUG_INFO = NO;
				SDKROOT = iphoneos;
				SWIFT_OPTIMIZATION_LEVEL = "-Owholemodule";
				VALIDATE_PRODUCT = YES;
			};
			name = Release;
		};
		755BAAE41ECC40A30091F705 /* Debug */ = {
			isa = XCBuildConfiguration;
			baseConfigurationReference = 3C88546DA59E184E14325328 /* Pods-ZhiBoBa.debug.xcconfig */;
			buildSettings = {
				ASSETCATALOG_COMPILER_APPICON_NAME = AppIcon;
				DEVELOPMENT_TEAM = LZ99PKMWMY;
				INFOPLIST_FILE = ZhiBoBa/Info.plist;
				LD_RUNPATH_SEARCH_PATHS = "$(inherited) @executable_path/Frameworks";
				PRODUCT_BUNDLE_IDENTIFIER = cn.project.ZhiBoBa;
				PRODUCT_NAME = "$(TARGET_NAME)";
				SWIFT_VERSION = 3.0;
			};
			name = Debug;
		};
		755BAAE51ECC40A30091F705 /* Release */ = {
			isa = XCBuildConfiguration;
			baseConfigurationReference = 86CDF7FECAB31E27CEC27559 /* Pods-ZhiBoBa.release.xcconfig */;
			buildSettings = {
				ASSETCATALOG_COMPILER_APPICON_NAME = AppIcon;
				DEVELOPMENT_TEAM = LZ99PKMWMY;
				INFOPLIST_FILE = ZhiBoBa/Info.plist;
				LD_RUNPATH_SEARCH_PATHS = "$(inherited) @executable_path/Frameworks";
				PRODUCT_BUNDLE_IDENTIFIER = cn.project.ZhiBoBa;
				PRODUCT_NAME = "$(TARGET_NAME)";
				SWIFT_VERSION = 3.0;
			};
			name = Release;
		};
/* End XCBuildConfiguration section */

/* Begin XCConfigurationList section */
		755BAACC1ECC40A30091F705 /* Build configuration list for PBXProject "ZhiBoBa" */ = {
			isa = XCConfigurationList;
			buildConfigurations = (
				755BAAE11ECC40A30091F705 /* Debug */,
				755BAAE21ECC40A30091F705 /* Release */,
			);
			defaultConfigurationIsVisible = 0;
			defaultConfigurationName = Release;
		};
		755BAAE31ECC40A30091F705 /* Build configuration list for PBXNativeTarget "ZhiBoBa" */ = {
			isa = XCConfigurationList;
			buildConfigurations = (
				755BAAE41ECC40A30091F705 /* Debug */,
				755BAAE51ECC40A30091F705 /* Release */,
			);
			defaultConfigurationIsVisible = 0;
			defaultConfigurationName = Release;
		};
/* End XCConfigurationList section */
	};
	rootObject = 755BAAC91ECC40A30091F705 /* Project object */;
}
